
Microsoft Visual Studio Solution File, Format Version 12.00
# Visual Studio 2015
Project("{FAE04EC0-301F-11D3-BF4B-00C04F79EFBC}") = "Dragon RPG.CSharp.Plugins", "Dragon RPG.CSharp.Plugins.csproj", "{D32C53D4-A9FF-7A2F-0177-847A337D7AB2}"
EndProject
Project("{FAE04EC0-301F-11D3-BF4B-00C04F79EFBC}") = "Dragon RPG.CSharp", "Dragon RPG.CSharp.csproj", "{71C26C91-B7C1-7884-C835-BF2D9961C5E1}"
EndProject
Project("{FAE04EC0-301F-11D3-BF4B-00C04F79EFBC}") = "Dragon RPG.CSharp.Editor.Plugins", "Dragon RPG.CSharp.Editor.Plugins.csproj", "{BD9DFF53-AA84-F069-80E9-53F15745F8A9}"
EndProject
Project("{FAE04EC0-301F-11D3-BF4B-00C04F79EFBC}") = "Dragon RPG.CSharp.Editor", "Dragon RPG.CSharp.Editor.csproj", "{AA68606F-FC0C-68F1-9FFA-41AA6D55904E}"
EndProject
Global
	GlobalSection(SolutionConfigurationPlatforms) = preSolution
		Debug|Any CPU = Debug|Any CPU
		Release|Any CPU = Release|Any CPU
	EndGlobalSection
	GlobalSection(ProjectConfigurationPlatforms) = postSolution
		{D32C53D4-A9FF-7A2F-0177-847A337D7AB2}.Debug|Any CPU.ActiveCfg = Debug|Any CPU
		{D32C53D4-A9FF-7A2F-0177-847A337D7AB2}.Debug|Any CPU.Build.0 = Debug|Any CPU
		{D32C53D4-A9FF-7A2F-0177-847A337D7AB2}.Release|Any CPU.ActiveCfg = Release|Any CPU
		{D32C53D4-A9FF-7A2F-0177-847A337D7AB2}.Release|Any CPU.Build.0 = Release|Any CPU
		{71C26C91-B7C1-7884-C835-BF2D9961C5E1}.Debug|Any CPU.ActiveCfg = Debug|Any CPU
		{71C26C91-B7C1-7884-C835-BF2D9961C5E1}.Debug|Any CPU.Build.0 = Debug|Any CPU
		{71C26C91-B7C1-7884-C835-BF2D9961C5E1}.Release|Any CPU.ActiveCfg = Release|Any CPU
		{71C26C91-B7C1-7884-C835-BF2D9961C5E1}.Release|Any CPU.Build.0 = Release|Any CPU
		{BD9DFF53-AA84-F069-80E9-53F15745F8A9}.Debug|Any CPU.ActiveCfg = Debug|Any CPU
		{BD9DFF53-AA84-F069-80E9-53F15745F8A9}.Debug|Any CPU.Build.0 = Debug|Any CPU
		{BD9DFF53-AA84-F069-80E9-53F15745F8A9}.Release|Any CPU.ActiveCfg = Release|Any CPU
		{BD9DFF53-AA84-F069-80E9-53F15745F8A9}.Release|Any CPU.Build.0 = Release|Any CPU
		{AA68606F-FC0C-68F1-9FFA-41AA6D55904E}.Debug|Any CPU.ActiveCfg = Debug|Any CPU
		{AA68606F-FC0C-68F1-9FFA-41AA6D55904E}.Debug|Any CPU.Build.0 = Debug|Any CPU
		{AA68606F-FC0C-68F1-9FFA-41AA6D55904E}.Release|Any CPU.ActiveCfg = Release|Any CPU
		{AA68606F-FC0C-68F1-9FFA-41AA6D55904E}.Release|Any CPU.Build.0 = Release|Any CPU
	EndGlobalSection
	GlobalSection(SolutionProperties) = preSolution
		HideSolutionNode = FALSE
	EndGlobalSection
EndGlobal
